
Microsoft Visual Studio Solution File, Format Version 12.00
# Visual Studio Version 17
VisualStudioVersion = 17.4.33122.133
MinimumVisualStudioVersion = 10.0.40219.1
Project("{9A19103F-16F7-4668-BE54-9A1E7A4F7556}") = "FrogExhibitionPL", "FrogExhibitionPL.csproj", "{7E753B2D-CB05-4E1D-8FDC-FFF4088B370C}"
EndProject
Project("{FAE04EC0-301F-11D3-BF4B-00C04F79EFBC}") = "FrogExhibitionDAL", "..\FrogExhibitionDAL\FrogExhibitionDAL.csproj", "{FF6816CF-E635-43C7-8A06-BA31551B9D42}"
EndProject
Project("{FAE04EC0-301F-11D3-BF4B-00C04F79EFBC}") = "FrogExhibitionBLL", "..\FrogExhibitionBLL\FrogExhibitionBLL.csproj", "{5F9567DC-3984-4D1D-9184-2E50573BD187}"
EndProject
Global
	GlobalSection(SolutionConfigurationPlatforms) = preSolution
		Debug|Any CPU = Debug|Any CPU
		Release|Any CPU = Release|Any CPU
	EndGlobalSection
	GlobalSection(ProjectConfigurationPlatforms) = postSolution
		{7E753B2D-CB05-4E1D-8FDC-FFF4088B370C}.Debug|Any CPU.ActiveCfg = Debug|Any CPU
		{7E753B2D-CB05-4E1D-8FDC-FFF4088B370C}.Debug|Any CPU.Build.0 = Debug|Any CPU
		{7E753B2D-CB05-4E1D-8FDC-FFF4088B370C}.Release|Any CPU.ActiveCfg = Release|Any CPU
		{7E753B2D-CB05-4E1D-8FDC-FFF4088B370C}.Release|Any CPU.Build.0 = Release|Any CPU
		{FF6816CF-E635-43C7-8A06-BA31551B9D42}.Debug|Any CPU.ActiveCfg = Debug|Any CPU
		{FF6816CF-E635-43C7-8A06-BA31551B9D42}.Debug|Any CPU.Build.0 = Debug|Any CPU
		{FF6816CF-E635-43C7-8A06-BA31551B9D42}.Release|Any CPU.ActiveCfg = Release|Any CPU
		{FF6816CF-E635-43C7-8A06-BA31551B9D42}.Release|Any CPU.Build.0 = Release|Any CPU
		{5F9567DC-3984-4D1D-9184-2E50573BD187}.Debug|Any CPU.ActiveCfg = Debug|Any CPU
		{5F9567DC-3984-4D1D-9184-2E50573BD187}.Debug|Any CPU.Build.0 = Debug|Any CPU
		{5F9567DC-3984-4D1D-9184-2E50573BD187}.Release|Any CPU.ActiveCfg = Release|Any CPU
		{5F9567DC-3984-4D1D-9184-2E50573BD187}.Release|Any CPU.Build.0 = Release|Any CPU
	EndGlobalSection
	GlobalSection(SolutionProperties) = preSolution
		HideSolutionNode = FALSE
	EndGlobalSection
	GlobalSection(ExtensibilityGlobals) = postSolution
		SolutionGuid = {D763FDF4-3396-4654-AA02-FB89B4F21A38}
	EndGlobalSection
EndGlobal
